
Microsoft Visual Studio Solution File, Format Version 12.00
# Visual Studio Version 16
VisualStudioVersion = 16.0.29326.143
MinimumVisualStudioVersion = 10.0.40219.1
Project("{9A19103F-16F7-4668-BE54-9A1E7A4F7556}") = "Billy.Core", "Billy.Core\Billy.Core.csproj", "{AEA61064-E2F3-49F9-99FB-CE998A1B2080}"
EndProject
Project("{9A19103F-16F7-4668-BE54-9A1E7A4F7556}") = "Billy.UI.Wpf", "Billy.UI.Wpf\Billy.UI.Wpf.csproj", "{7D4BD2E8-9669-42D9-9634-5C66ECE161A8}"
EndProject
Project("{9A19103F-16F7-4668-BE54-9A1E7A4F7556}") = "Billy.Application", "Billy.Application\Billy.Application.csproj", "{74C872D3-8ACC-45B5-8C64-7DCD3E86F9F6}"
EndProject
Project("{9A19103F-16F7-4668-BE54-9A1E7A4F7556}") = "Caliburn.Micro.ReactiveUI", "..\Caliburn.Micro.ReactiveUI\src\Caliburn.Micro.ReactiveUI\Caliburn.Micro.ReactiveUI.csproj", "{F59E3C5E-8862-43B4-A59A-CF795B3912F3}"
EndProject
Project("{2150E333-8FDC-42A3-9474-1A3956D46DE8}") = "Solution Items", "Solution Items", "{AEF3219E-FA60-4CF9-8D90-BE5B055F0204}"
	ProjectSection(SolutionItems) = preProject
		SharedAssemblyInfo.cs = SharedAssemblyInfo.cs
	EndProjectSection
EndProject
Project("{FAE04EC0-301F-11D3-BF4B-00C04F79EFBC}") = "Daedalus.ExtensionMethods", "..\Daedalus\Src\Daedalus.ExtensionMethods\Daedalus.ExtensionMethods.csproj", "{3358412E-6CA8-462B-883B-0A640218A4A0}"
EndProject
Project("{9A19103F-16F7-4668-BE54-9A1E7A4F7556}") = "Billy.Migrator", "Billy.Migrator\Billy.Migrator.csproj", "{22AF4C98-ABE3-4558-A51F-102D7BC3CFA0}"
EndProject
Project("{2150E333-8FDC-42A3-9474-1A3956D46DE8}") = "Legacy", "Legacy", "{291BEDCD-75C7-4343-B248-238636214D0E}"
EndProject
Project("{FAE04EC0-301F-11D3-BF4B-00C04F79EFBC}") = "BillsManager.Models", "BillsManager.Models\BillsManager.Models.csproj", "{888F670B-4396-4660-8C5A-0D43FB2C0A1D}"
EndProject
Project("{FAE04EC0-301F-11D3-BF4B-00C04F79EFBC}") = "BillsManager.Services", "BillsManager.Services\BillsManager.Services.csproj", "{FC8A7A61-D9CF-4AC7-A62D-590C35A28A44}"
EndProject
Project("{FAE04EC0-301F-11D3-BF4B-00C04F79EFBC}") = "Daedalus.UI", "..\Daedalus\Src\Daedalus.UI\Daedalus.UI.csproj", "{8008609E-8813-4A12-B385-431B25BCBBF1}"
EndProject
Project("{FAE04EC0-301F-11D3-BF4B-00C04F79EFBC}") = "Billy.Legacy", "Billy.Legacy\Billy.Legacy.csproj", "{05033E77-2DE7-423F-AB93-5FD9DD827CDA}"
EndProject
Global
	GlobalSection(SolutionConfigurationPlatforms) = preSolution
		Debug InMemory|Any CPU = Debug InMemory|Any CPU
		Debug InMemory|Mixed Platforms = Debug InMemory|Mixed Platforms
		Debug InMemory|x64 = Debug InMemory|x64
		Debug InMemory|x86 = Debug InMemory|x86
		Debug|Any CPU = Debug|Any CPU
		Debug|Mixed Platforms = Debug|Mixed Platforms
		Debug|x64 = Debug|x64
		Debug|x86 = Debug|x86
		Release|Any CPU = Release|Any CPU
		Release|Mixed Platforms = Release|Mixed Platforms
		Release|x64 = Release|x64
		Release|x86 = Release|x86
	EndGlobalSection
	GlobalSection(ProjectConfigurationPlatforms) = postSolution
		{AEA61064-E2F3-49F9-99FB-CE998A1B2080}.Debug InMemory|Any CPU.ActiveCfg = Debug|Any CPU
		{AEA61064-E2F3-49F9-99FB-CE998A1B2080}.Debug InMemory|Any CPU.Build.0 = Debug|Any CPU
		{AEA61064-E2F3-49F9-99FB-CE998A1B2080}.Debug InMemory|Mixed Platforms.ActiveCfg = Debug|Any CPU
		{AEA61064-E2F3-49F9-99FB-CE998A1B2080}.Debug InMemory|Mixed Platforms.Build.0 = Debug|Any CPU
		{AEA61064-E2F3-49F9-99FB-CE998A1B2080}.Debug InMemory|x64.ActiveCfg = Debug|Any CPU
		{AEA61064-E2F3-49F9-99FB-CE998A1B2080}.Debug InMemory|x64.Build.0 = Debug|Any CPU
		{AEA61064-E2F3-49F9-99FB-CE998A1B2080}.Debug InMemory|x86.ActiveCfg = Debug|Any CPU
		{AEA61064-E2F3-49F9-99FB-CE998A1B2080}.Debug InMemory|x86.Build.0 = Debug|Any CPU
		{AEA61064-E2F3-49F9-99FB-CE998A1B2080}.Debug|Any CPU.ActiveCfg = Debug|Any CPU
		{AEA61064-E2F3-49F9-99FB-CE998A1B2080}.Debug|Any CPU.Build.0 = Debug|Any CPU
		{AEA61064-E2F3-49F9-99FB-CE998A1B2080}.Debug|Mixed Platforms.ActiveCfg = Debug|Any CPU
		{AEA61064-E2F3-49F9-99FB-CE998A1B2080}.Debug|Mixed Platforms.Build.0 = Debug|Any CPU
		{AEA61064-E2F3-49F9-99FB-CE998A1B2080}.Debug|x64.ActiveCfg = Debug|Any CPU
		{AEA61064-E2F3-49F9-99FB-CE998A1B2080}.Debug|x64.Build.0 = Debug|Any CPU
		{AEA61064-E2F3-49F9-99FB-CE998A1B2080}.Debug|x86.ActiveCfg = Debug|Any CPU
		{AEA61064-E2F3-49F9-99FB-CE998A1B2080}.Debug|x86.Build.0 = Debug|Any CPU
		{AEA61064-E2F3-49F9-99FB-CE998A1B2080}.Release|Any CPU.ActiveCfg = Release|Any CPU
		{AEA61064-E2F3-49F9-99FB-CE998A1B2080}.Release|Any CPU.Build.0 = Release|Any CPU
		{AEA61064-E2F3-49F9-99FB-CE998A1B2080}.Release|Mixed Platforms.ActiveCfg = Release|Any CPU
		{AEA61064-E2F3-49F9-99FB-CE998A1B2080}.Release|Mixed Platforms.Build.0 = Release|Any CPU
		{AEA61064-E2F3-49F9-99FB-CE998A1B2080}.Release|x64.ActiveCfg = Release|Any CPU
		{AEA61064-E2F3-49F9-99FB-CE998A1B2080}.Release|x64.Build.0 = Release|Any CPU
		{AEA61064-E2F3-49F9-99FB-CE998A1B2080}.Release|x86.ActiveCfg = Release|Any CPU
		{AEA61064-E2F3-49F9-99FB-CE998A1B2080}.Release|x86.Build.0 = Release|Any CPU
		{7D4BD2E8-9669-42D9-9634-5C66ECE161A8}.Debug InMemory|Any CPU.ActiveCfg = Debug|Any CPU
		{7D4BD2E8-9669-42D9-9634-5C66ECE161A8}.Debug InMemory|Any CPU.Build.0 = Debug|Any CPU
		{7D4BD2E8-9669-42D9-9634-5C66ECE161A8}.Debug InMemory|Mixed Platforms.ActiveCfg = Debug|Any CPU
		{7D4BD2E8-9669-42D9-9634-5C66ECE161A8}.Debug InMemory|Mixed Platforms.Build.0 = Debug|Any CPU
		{7D4BD2E8-9669-42D9-9634-5C66ECE161A8}.Debug InMemory|x64.ActiveCfg = Debug|Any CPU
		{7D4BD2E8-9669-42D9-9634-5C66ECE161A8}.Debug InMemory|x64.Build.0 = Debug|Any CPU
		{7D4BD2E8-9669-42D9-9634-5C66ECE161A8}.Debug InMemory|x86.ActiveCfg = Debug|Any CPU
		{7D4BD2E8-9669-42D9-9634-5C66ECE161A8}.Debug InMemory|x86.Build.0 = Debug|Any CPU
		{7D4BD2E8-9669-42D9-9634-5C66ECE161A8}.Debug|Any CPU.ActiveCfg = Debug|Any CPU
		{7D4BD2E8-9669-42D9-9634-5C66ECE161A8}.Debug|Any CPU.Build.0 = Debug|Any CPU
		{7D4BD2E8-9669-42D9-9634-5C66ECE161A8}.Debug|Mixed Platforms.ActiveCfg = Debug|Any CPU
		{7D4BD2E8-9669-42D9-9634-5C66ECE161A8}.Debug|Mixed Platforms.Build.0 = Debug|Any CPU
		{7D4BD2E8-9669-42D9-9634-5C66ECE161A8}.Debug|x64.ActiveCfg = Debug|Any CPU
		{7D4BD2E8-9669-42D9-9634-5C66ECE161A8}.Debug|x64.Build.0 = Debug|Any CPU
		{7D4BD2E8-9669-42D9-9634-5C66ECE161A8}.Debug|x86.ActiveCfg = Debug|Any CPU
		{7D4BD2E8-9669-42D9-9634-5C66ECE161A8}.Debug|x86.Build.0 = Debug|Any CPU
		{7D4BD2E8-9669-42D9-9634-5C66ECE161A8}.Release|Any CPU.ActiveCfg = Release|Any CPU
		{7D4BD2E8-9669-42D9-9634-5C66ECE161A8}.Release|Any CPU.Build.0 = Release|Any CPU
		{7D4BD2E8-9669-42D9-9634-5C66ECE161A8}.Release|Mixed Platforms.ActiveCfg = Release|Any CPU
		{7D4BD2E8-9669-42D9-9634-5C66ECE161A8}.Release|Mixed Platforms.Build.0 = Release|Any CPU
		{7D4BD2E8-9669-42D9-9634-5C66ECE161A8}.Release|x64.ActiveCfg = Release|Any CPU
		{7D4BD2E8-9669-42D9-9634-5C66ECE161A8}.Release|x64.Build.0 = Release|Any CPU
		{7D4BD2E8-9669-42D9-9634-5C66ECE161A8}.Release|x86.ActiveCfg = Release|Any CPU
		{7D4BD2E8-9669-42D9-9634-5C66ECE161A8}.Release|x86.Build.0 = Release|Any CPU
		{74C872D3-8ACC-45B5-8C64-7DCD3E86F9F6}.Debug InMemory|Any CPU.ActiveCfg = Debug|Any CPU
		{74C872D3-8ACC-45B5-8C64-7DCD3E86F9F6}.Debug InMemory|Any CPU.Build.0 = Debug|Any CPU
		{74C872D3-8ACC-45B5-8C64-7DCD3E86F9F6}.Debug InMemory|Mixed Platforms.ActiveCfg = Debug|Any CPU
		{74C872D3-8ACC-45B5-8C64-7DCD3E86F9F6}.Debug InMemory|Mixed Platforms.Build.0 = Debug|Any CPU
		{74C872D3-8ACC-45B5-8C64-7DCD3E86F9F6}.Debug InMemory|x64.ActiveCfg = Debug|Any CPU
		{74C872D3-8ACC-45B5-8C64-7DCD3E86F9F6}.Debug InMemory|x64.Build.0 = Debug|Any CPU
		{74C872D3-8ACC-45B5-8C64-7DCD3E86F9F6}.Debug InMemory|x86.ActiveCfg = Debug|Any CPU
		{74C872D3-8ACC-45B5-8C64-7DCD3E86F9F6}.Debug InMemory|x86.Build.0 = Debug|Any CPU
		{74C872D3-8ACC-45B5-8C64-7DCD3E86F9F6}.Debug|Any CPU.ActiveCfg = Debug|Any CPU
		{74C872D3-8ACC-45B5-8C64-7DCD3E86F9F6}.Debug|Any CPU.Build.0 = Debug|Any CPU
		{74C872D3-8ACC-45B5-8C64-7DCD3E86F9F6}.Debug|Mixed Platforms.ActiveCfg = Debug|Any CPU
		{74C872D3-8ACC-45B5-8C64-7DCD3E86F9F6}.Debug|Mixed Platforms.Build.0 = Debug|Any CPU
		{74C872D3-8ACC-45B5-8C64-7DCD3E86F9F6}.Debug|x64.ActiveCfg = Debug|Any CPU
		{74C872D3-8ACC-45B5-8C64-7DCD3E86F9F6}.Debug|x64.Build.0 = Debug|Any CPU
		{74C872D3-8ACC-45B5-8C64-7DCD3E86F9F6}.Debug|x86.ActiveCfg = Debug|Any CPU
		{74C872D3-8ACC-45B5-8C64-7DCD3E86F9F6}.Debug|x86.Build.0 = Debug|Any CPU
		{74C872D3-8ACC-45B5-8C64-7DCD3E86F9F6}.Release|Any CPU.ActiveCfg = Release|Any CPU
		{74C872D3-8ACC-45B5-8C64-7DCD3E86F9F6}.Release|Any CPU.Build.0 = Release|Any CPU
		{74C872D3-8ACC-45B5-8C64-7DCD3E86F9F6}.Release|Mixed Platforms.ActiveCfg = Release|Any CPU
		{74C872D3-8ACC-45B5-8C64-7DCD3E86F9F6}.Release|Mixed Platforms.Build.0 = Release|Any CPU
		{74C872D3-8ACC-45B5-8C64-7DCD3E86F9F6}.Release|x64.ActiveCfg = Release|Any CPU
		{74C872D3-8ACC-45B5-8C64-7DCD3E86F9F6}.Release|x64.Build.0 = Release|Any CPU
		{74C872D3-8ACC-45B5-8C64-7DCD3E86F9F6}.Release|x86.ActiveCfg = Release|Any CPU
		{74C872D3-8ACC-45B5-8C64-7DCD3E86F9F6}.Release|x86.Build.0 = Release|Any CPU
		{F59E3C5E-8862-43B4-A59A-CF795B3912F3}.Debug InMemory|Any CPU.ActiveCfg = Debug|Any CPU
		{F59E3C5E-8862-43B4-A59A-CF795B3912F3}.Debug InMemory|Any CPU.Build.0 = Debug|Any CPU
		{F59E3C5E-8862-43B4-A59A-CF795B3912F3}.Debug InMemory|Mixed Platforms.ActiveCfg = Debug|Any CPU
		{F59E3C5E-8862-43B4-A59A-CF795B3912F3}.Debug InMemory|Mixed Platforms.Build.0 = Debug|Any CPU
		{F59E3C5E-8862-43B4-A59A-CF795B3912F3}.Debug InMemory|x64.ActiveCfg = Debug|Any CPU
		{F59E3C5E-8862-43B4-A59A-CF795B3912F3}.Debug InMemory|x64.Build.0 = Debug|Any CPU
		{F59E3C5E-8862-43B4-A59A-CF795B3912F3}.Debug InMemory|x86.ActiveCfg = Debug|Any CPU
		{F59E3C5E-8862-43B4-A59A-CF795B3912F3}.Debug InMemory|x86.Build.0 = Debug|Any CPU
		{F59E3C5E-8862-43B4-A59A-CF795B3912F3}.Debug|Any CPU.ActiveCfg = Debug|Any CPU
		{F59E3C5E-8862-43B4-A59A-CF795B3912F3}.Debug|Any CPU.Build.0 = Debug|Any CPU
		{F59E3C5E-8862-43B4-A59A-CF795B3912F3}.Debug|Mixed Platforms.ActiveCfg = Debug|Any CPU
		{F59E3C5E-8862-43B4-A59A-CF795B3912F3}.Debug|Mixed Platforms.Build.0 = Debug|Any CPU
		{F59E3C5E-8862-43B4-A59A-CF795B3912F3}.Debug|x64.ActiveCfg = Debug|Any CPU
		{F59E3C5E-8862-43B4-A59A-CF795B3912F3}.Debug|x64.Build.0 = Debug|Any CPU
		{F59E3C5E-8862-43B4-A59A-CF795B3912F3}.Debug|x86.ActiveCfg = Debug|Any CPU
		{F59E3C5E-8862-43B4-A59A-CF795B3912F3}.Debug|x86.Build.0 = Debug|Any CPU
		{F59E3C5E-8862-43B4-A59A-CF795B3912F3}.Release|Any CPU.ActiveCfg = Release|Any CPU
		{F59E3C5E-8862-43B4-A59A-CF795B3912F3}.Release|Any CPU.Build.0 = Release|Any CPU
		{F59E3C5E-8862-43B4-A59A-CF795B3912F3}.Release|Mixed Platforms.ActiveCfg = Release|Any CPU
		{F59E3C5E-8862-43B4-A59A-CF795B3912F3}.Release|Mixed Platforms.Build.0 = Release|Any CPU
		{F59E3C5E-8862-43B4-A59A-CF795B3912F3}.Release|x64.ActiveCfg = Release|Any CPU
		{F59E3C5E-8862-43B4-A59A-CF795B3912F3}.Release|x64.Build.0 = Release|Any CPU
		{F59E3C5E-8862-43B4-A59A-CF795B3912F3}.Release|x86.ActiveCfg = Release|Any CPU
		{F59E3C5E-8862-43B4-A59A-CF795B3912F3}.Release|x86.Build.0 = Release|Any CPU
		{3358412E-6CA8-462B-883B-0A640218A4A0}.Debug InMemory|Any CPU.ActiveCfg = Debug|Any CPU
		{3358412E-6CA8-462B-883B-0A640218A4A0}.Debug InMemory|Any CPU.Build.0 = Debug|Any CPU
		{3358412E-6CA8-462B-883B-0A640218A4A0}.Debug InMemory|Mixed Platforms.ActiveCfg = Debug|Any CPU
		{3358412E-6CA8-462B-883B-0A640218A4A0}.Debug InMemory|Mixed Platforms.Build.0 = Debug|Any CPU
		{3358412E-6CA8-462B-883B-0A640218A4A0}.Debug InMemory|x64.ActiveCfg = Debug|Any CPU
		{3358412E-6CA8-462B-883B-0A640218A4A0}.Debug InMemory|x64.Build.0 = Debug|Any CPU
		{3358412E-6CA8-462B-883B-0A640218A4A0}.Debug InMemory|x86.ActiveCfg = Debug|Any CPU
		{3358412E-6CA8-462B-883B-0A640218A4A0}.Debug InMemory|x86.Build.0 = Debug|Any CPU
		{3358412E-6CA8-462B-883B-0A640218A4A0}.Debug|Any CPU.ActiveCfg = Debug|Any CPU
		{3358412E-6CA8-462B-883B-0A640218A4A0}.Debug|Any CPU.Build.0 = Debug|Any CPU
		{3358412E-6CA8-462B-883B-0A640218A4A0}.Debug|Mixed Platforms.ActiveCfg = Debug|Any CPU
		{3358412E-6CA8-462B-883B-0A640218A4A0}.Debug|Mixed Platforms.Build.0 = Debug|Any CPU
		{3358412E-6CA8-462B-883B-0A640218A4A0}.Debug|x64.ActiveCfg = Debug|Any CPU
		{3358412E-6CA8-462B-883B-0A640218A4A0}.Debug|x64.Build.0 = Debug|Any CPU
		{3358412E-6CA8-462B-883B-0A640218A4A0}.Debug|x86.ActiveCfg = Debug|Any CPU
		{3358412E-6CA8-462B-883B-0A640218A4A0}.Debug|x86.Build.0 = Debug|Any CPU
		{3358412E-6CA8-462B-883B-0A640218A4A0}.Release|Any CPU.ActiveCfg = Release|Any CPU
		{3358412E-6CA8-462B-883B-0A640218A4A0}.Release|Any CPU.Build.0 = Release|Any CPU
		{3358412E-6CA8-462B-883B-0A640218A4A0}.Release|Mixed Platforms.ActiveCfg = Release|Any CPU
		{3358412E-6CA8-462B-883B-0A640218A4A0}.Release|Mixed Platforms.Build.0 = Release|Any CPU
		{3358412E-6CA8-462B-883B-0A640218A4A0}.Release|x64.ActiveCfg = Release|Any CPU
		{3358412E-6CA8-462B-883B-0A640218A4A0}.Release|x64.Build.0 = Release|Any CPU
		{3358412E-6CA8-462B-883B-0A640218A4A0}.Release|x86.ActiveCfg = Release|Any CPU
		{3358412E-6CA8-462B-883B-0A640218A4A0}.Release|x86.Build.0 = Release|Any CPU
		{22AF4C98-ABE3-4558-A51F-102D7BC3CFA0}.Debug InMemory|Any CPU.ActiveCfg = Debug|Any CPU
		{22AF4C98-ABE3-4558-A51F-102D7BC3CFA0}.Debug InMemory|Any CPU.Build.0 = Debug|Any CPU
		{22AF4C98-ABE3-4558-A51F-102D7BC3CFA0}.Debug InMemory|Mixed Platforms.ActiveCfg = Debug|Any CPU
		{22AF4C98-ABE3-4558-A51F-102D7BC3CFA0}.Debug InMemory|Mixed Platforms.Build.0 = Debug|Any CPU
		{22AF4C98-ABE3-4558-A51F-102D7BC3CFA0}.Debug InMemory|x64.ActiveCfg = Debug|Any CPU
		{22AF4C98-ABE3-4558-A51F-102D7BC3CFA0}.Debug InMemory|x64.Build.0 = Debug|Any CPU
		{22AF4C98-ABE3-4558-A51F-102D7BC3CFA0}.Debug InMemory|x86.ActiveCfg = Debug|Any CPU
		{22AF4C98-ABE3-4558-A51F-102D7BC3CFA0}.Debug InMemory|x86.Build.0 = Debug|Any CPU
		{22AF4C98-ABE3-4558-A51F-102D7BC3CFA0}.Debug|Any CPU.ActiveCfg = Debug|Any CPU
		{22AF4C98-ABE3-4558-A51F-102D7BC3CFA0}.Debug|Any CPU.Build.0 = Debug|Any CPU
		{22AF4C98-ABE3-4558-A51F-102D7BC3CFA0}.Debug|Mixed Platforms.ActiveCfg = Debug|Any CPU
		{22AF4C98-ABE3-4558-A51F-102D7BC3CFA0}.Debug|Mixed Platforms.Build.0 = Debug|Any CPU
		{22AF4C98-ABE3-4558-A51F-102D7BC3CFA0}.Debug|x64.ActiveCfg = Debug|Any CPU
		{22AF4C98-ABE3-4558-A51F-102D7BC3CFA0}.Debug|x64.Build.0 = Debug|Any CPU
		{22AF4C98-ABE3-4558-A51F-102D7BC3CFA0}.Debug|x86.ActiveCfg = Debug|Any CPU
		{22AF4C98-ABE3-4558-A51F-102D7BC3CFA0}.Debug|x86.Build.0 = Debug|Any CPU
		{22AF4C98-ABE3-4558-A51F-102D7BC3CFA0}.Release|Any CPU.ActiveCfg = Release|Any CPU
		{22AF4C98-ABE3-4558-A51F-102D7BC3CFA0}.Release|Any CPU.Build.0 = Release|Any CPU
		{22AF4C98-ABE3-4558-A51F-102D7BC3CFA0}.Release|Mixed Platforms.ActiveCfg = Release|Any CPU
		{22AF4C98-ABE3-4558-A51F-102D7BC3CFA0}.Release|Mixed Platforms.Build.0 = Release|Any CPU
		{22AF4C98-ABE3-4558-A51F-102D7BC3CFA0}.Release|x64.ActiveCfg = Release|Any CPU
		{22AF4C98-ABE3-4558-A51F-102D7BC3CFA0}.Release|x64.Build.0 = Release|Any CPU
		{22AF4C98-ABE3-4558-A51F-102D7BC3CFA0}.Release|x86.ActiveCfg = Release|Any CPU
		{22AF4C98-ABE3-4558-A51F-102D7BC3CFA0}.Release|x86.Build.0 = Release|Any CPU
		{888F670B-4396-4660-8C5A-0D43FB2C0A1D}.Debug InMemory|Any CPU.ActiveCfg = Debug InMemory|Any CPU
		{888F670B-4396-4660-8C5A-0D43FB2C0A1D}.Debug InMemory|Any CPU.Build.0 = Debug InMemory|Any CPU
		{888F670B-4396-4660-8C5A-0D43FB2C0A1D}.Debug InMemory|Mixed Platforms.ActiveCfg = Debug InMemory|Any CPU
		{888F670B-4396-4660-8C5A-0D43FB2C0A1D}.Debug InMemory|Mixed Platforms.Build.0 = Debug InMemory|Any CPU
		{888F670B-4396-4660-8C5A-0D43FB2C0A1D}.Debug InMemory|x64.ActiveCfg = Debug InMemory|Any CPU
		{888F670B-4396-4660-8C5A-0D43FB2C0A1D}.Debug InMemory|x64.Build.0 = Debug InMemory|Any CPU
		{888F670B-4396-4660-8C5A-0D43FB2C0A1D}.Debug InMemory|x86.ActiveCfg = Debug InMemory|Any CPU
		{888F670B-4396-4660-8C5A-0D43FB2C0A1D}.Debug InMemory|x86.Build.0 = Debug InMemory|Any CPU
		{888F670B-4396-4660-8C5A-0D43FB2C0A1D}.Debug|Any CPU.ActiveCfg = Debug|Any CPU
		{888F670B-4396-4660-8C5A-0D43FB2C0A1D}.Debug|Any CPU.Build.0 = Debug|Any CPU
		{888F670B-4396-4660-8C5A-0D43FB2C0A1D}.Debug|Mixed Platforms.ActiveCfg = Debug|Any CPU
		{888F670B-4396-4660-8C5A-0D43FB2C0A1D}.Debug|Mixed Platforms.Build.0 = Debug|Any CPU
		{888F670B-4396-4660-8C5A-0D43FB2C0A1D}.Debug|x64.ActiveCfg = Debug|Any CPU
		{888F670B-4396-4660-8C5A-0D43FB2C0A1D}.Debug|x64.Build.0 = Debug|Any CPU
		{888F670B-4396-4660-8C5A-0D43FB2C0A1D}.Debug|x86.ActiveCfg = Debug|Any CPU
		{888F670B-4396-4660-8C5A-0D43FB2C0A1D}.Debug|x86.Build.0 = Debug|Any CPU
		{888F670B-4396-4660-8C5A-0D43FB2C0A1D}.Release|Any CPU.ActiveCfg = Release|Any CPU
		{888F670B-4396-4660-8C5A-0D43FB2C0A1D}.Release|Any CPU.Build.0 = Release|Any CPU
		{888F670B-4396-4660-8C5A-0D43FB2C0A1D}.Release|Mixed Platforms.ActiveCfg = Release|Any CPU
		{888F670B-4396-4660-8C5A-0D43FB2C0A1D}.Release|Mixed Platforms.Build.0 = Release|Any CPU
		{888F670B-4396-4660-8C5A-0D43FB2C0A1D}.Release|x64.ActiveCfg = Release|Any CPU
		{888F670B-4396-4660-8C5A-0D43FB2C0A1D}.Release|x64.Build.0 = Release|Any CPU
		{888F670B-4396-4660-8C5A-0D43FB2C0A1D}.Release|x86.ActiveCfg = Release|Any CPU
		{888F670B-4396-4660-8C5A-0D43FB2C0A1D}.Release|x86.Build.0 = Release|Any CPU
		{FC8A7A61-D9CF-4AC7-A62D-590C35A28A44}.Debug InMemory|Any CPU.ActiveCfg = Debug InMemory|Any CPU
		{FC8A7A61-D9CF-4AC7-A62D-590C35A28A44}.Debug InMemory|Any CPU.Build.0 = Debug InMemory|Any CPU
		{FC8A7A61-D9CF-4AC7-A62D-590C35A28A44}.Debug InMemory|Mixed Platforms.ActiveCfg = Debug InMemory|Any CPU
		{FC8A7A61-D9CF-4AC7-A62D-590C35A28A44}.Debug InMemory|Mixed Platforms.Build.0 = Debug InMemory|Any CPU
		{FC8A7A61-D9CF-4AC7-A62D-590C35A28A44}.Debug InMemory|x64.ActiveCfg = Debug InMemory|Any CPU
		{FC8A7A61-D9CF-4AC7-A62D-590C35A28A44}.Debug InMemory|x64.Build.0 = Debug InMemory|Any CPU
		{FC8A7A61-D9CF-4AC7-A62D-590C35A28A44}.Debug InMemory|x86.ActiveCfg = Debug InMemory|Any CPU
		{FC8A7A61-D9CF-4AC7-A62D-590C35A28A44}.Debug InMemory|x86.Build.0 = Debug InMemory|Any CPU
		{FC8A7A61-D9CF-4AC7-A62D-590C35A28A44}.Debug|Any CPU.ActiveCfg = Debug|Any CPU
		{FC8A7A61-D9CF-4AC7-A62D-590C35A28A44}.Debug|Any CPU.Build.0 = Debug|Any CPU
		{FC8A7A61-D9CF-4AC7-A62D-590C35A28A44}.Debug|Mixed Platforms.ActiveCfg = Debug|Any CPU
		{FC8A7A61-D9CF-4AC7-A62D-590C35A28A44}.Debug|Mixed Platforms.Build.0 = Debug|Any CPU
		{FC8A7A61-D9CF-4AC7-A62D-590C35A28A44}.Debug|x64.ActiveCfg = Debug|Any CPU
		{FC8A7A61-D9CF-4AC7-A62D-590C35A28A44}.Debug|x64.Build.0 = Debug|Any CPU
		{FC8A7A61-D9CF-4AC7-A62D-590C35A28A44}.Debug|x86.ActiveCfg = Debug|Any CPU
		{FC8A7A61-D9CF-4AC7-A62D-590C35A28A44}.Debug|x86.Build.0 = Debug|Any CPU
		{FC8A7A61-D9CF-4AC7-A62D-590C35A28A44}.Release|Any CPU.ActiveCfg = Release|Any CPU
		{FC8A7A61-D9CF-4AC7-A62D-590C35A28A44}.Release|Any CPU.Build.0 = Release|Any CPU
		{FC8A7A61-D9CF-4AC7-A62D-590C35A28A44}.Release|Mixed Platforms.ActiveCfg = Release|Any CPU
		{FC8A7A61-D9CF-4AC7-A62D-590C35A28A44}.Release|Mixed Platforms.Build.0 = Release|Any CPU
		{FC8A7A61-D9CF-4AC7-A62D-590C35A28A44}.Release|x64.ActiveCfg = Release|Any CPU
		{FC8A7A61-D9CF-4AC7-A62D-590C35A28A44}.Release|x64.Build.0 = Release|Any CPU
		{FC8A7A61-D9CF-4AC7-A62D-590C35A28A44}.Release|x86.ActiveCfg = Release|Any CPU
		{FC8A7A61-D9CF-4AC7-A62D-590C35A28A44}.Release|x86.Build.0 = Release|Any CPU
		{8008609E-8813-4A12-B385-431B25BCBBF1}.Debug InMemory|Any CPU.ActiveCfg = Debug|Any CPU
		{8008609E-8813-4A12-B385-431B25BCBBF1}.Debug InMemory|Any CPU.Build.0 = Debug|Any CPU
		{8008609E-8813-4A12-B385-431B25BCBBF1}.Debug InMemory|Mixed Platforms.ActiveCfg = Debug|Any CPU
		{8008609E-8813-4A12-B385-431B25BCBBF1}.Debug InMemory|Mixed Platforms.Build.0 = Debug|Any CPU
		{8008609E-8813-4A12-B385-431B25BCBBF1}.Debug InMemory|x64.ActiveCfg = Debug|Any CPU
		{8008609E-8813-4A12-B385-431B25BCBBF1}.Debug InMemory|x64.Build.0 = Debug|Any CPU
		{8008609E-8813-4A12-B385-431B25BCBBF1}.Debug InMemory|x86.ActiveCfg = Debug|Any CPU
		{8008609E-8813-4A12-B385-431B25BCBBF1}.Debug InMemory|x86.Build.0 = Debug|Any CPU
		{8008609E-8813-4A12-B385-431B25BCBBF1}.Debug|Any CPU.ActiveCfg = Debug|Any CPU
		{8008609E-8813-4A12-B385-431B25BCBBF1}.Debug|Any CPU.Build.0 = Debug|Any CPU
		{8008609E-8813-4A12-B385-431B25BCBBF1}.Debug|Mixed Platforms.ActiveCfg = Debug|Any CPU
		{8008609E-8813-4A12-B385-431B25BCBBF1}.Debug|Mixed Platforms.Build.0 = Debug|Any CPU
		{8008609E-8813-4A12-B385-431B25BCBBF1}.Debug|x64.ActiveCfg = Debug|Any CPU
		{8008609E-8813-4A12-B385-431B25BCBBF1}.Debug|x64.Build.0 = Debug|Any CPU
		{8008609E-8813-4A12-B385-431B25BCBBF1}.Debug|x86.ActiveCfg = Debug|Any CPU
		{8008609E-8813-4A12-B385-431B25BCBBF1}.Debug|x86.Build.0 = Debug|Any CPU
		{8008609E-8813-4A12-B385-431B25BCBBF1}.Release|Any CPU.ActiveCfg = Release|Any CPU
		{8008609E-8813-4A12-B385-431B25BCBBF1}.Release|Any CPU.Build.0 = Release|Any CPU
		{8008609E-8813-4A12-B385-431B25BCBBF1}.Release|Mixed Platforms.ActiveCfg = Release|Any CPU
		{8008609E-8813-4A12-B385-431B25BCBBF1}.Release|Mixed Platforms.Build.0 = Release|Any CPU
		{8008609E-8813-4A12-B385-431B25BCBBF1}.Release|x64.ActiveCfg = Release|Any CPU
		{8008609E-8813-4A12-B385-431B25BCBBF1}.Release|x64.Build.0 = Release|Any CPU
		{8008609E-8813-4A12-B385-431B25BCBBF1}.Release|x86.ActiveCfg = Release|Any CPU
		{8008609E-8813-4A12-B385-431B25BCBBF1}.Release|x86.Build.0 = Release|Any CPU
		{05033E77-2DE7-423F-AB93-5FD9DD827CDA}.Debug InMemory|Any CPU.ActiveCfg = Debug|Any CPU
		{05033E77-2DE7-423F-AB93-5FD9DD827CDA}.Debug InMemory|Any CPU.Build.0 = Debug|Any CPU
		{05033E77-2DE7-423F-AB93-5FD9DD827CDA}.Debug InMemory|Mixed Platforms.ActiveCfg = Debug|Any CPU
		{05033E77-2DE7-423F-AB93-5FD9DD827CDA}.Debug InMemory|Mixed Platforms.Build.0 = Debug|Any CPU
		{05033E77-2DE7-423F-AB93-5FD9DD827CDA}.Debug InMemory|x64.ActiveCfg = Debug|Any CPU
		{05033E77-2DE7-423F-AB93-5FD9DD827CDA}.Debug InMemory|x64.Build.0 = Debug|Any CPU
		{05033E77-2DE7-423F-AB93-5FD9DD827CDA}.Debug InMemory|x86.ActiveCfg = Debug|Any CPU
		{05033E77-2DE7-423F-AB93-5FD9DD827CDA}.Debug InMemory|x86.Build.0 = Debug|Any CPU
		{05033E77-2DE7-423F-AB93-5FD9DD827CDA}.Debug|Any CPU.ActiveCfg = Debug|Any CPU
		{05033E77-2DE7-423F-AB93-5FD9DD827CDA}.Debug|Any CPU.Build.0 = Debug|Any CPU
		{05033E77-2DE7-423F-AB93-5FD9DD827CDA}.Debug|Mixed Platforms.ActiveCfg = Debug|Any CPU
		{05033E77-2DE7-423F-AB93-5FD9DD827CDA}.Debug|Mixed Platforms.Build.0 = Debug|Any CPU
		{05033E77-2DE7-423F-AB93-5FD9DD827CDA}.Debug|x64.ActiveCfg = Debug|Any CPU
		{05033E77-2DE7-423F-AB93-5FD9DD827CDA}.Debug|x64.Build.0 = Debug|Any CPU
		{05033E77-2DE7-423F-AB93-5FD9DD827CDA}.Debug|x86.ActiveCfg = Debug|Any CPU
		{05033E77-2DE7-423F-AB93-5FD9DD827CDA}.Debug|x86.Build.0 = Debug|Any CPU
		{05033E77-2DE7-423F-AB93-5FD9DD827CDA}.Release|Any CPU.ActiveCfg = Release|Any CPU
		{05033E77-2DE7-423F-AB93-5FD9DD827CDA}.Release|Any CPU.Build.0 = Release|Any CPU
		{05033E77-2DE7-423F-AB93-5FD9DD827CDA}.Release|Mixed Platforms.ActiveCfg = Release|Any CPU
		{05033E77-2DE7-423F-AB93-5FD9DD827CDA}.Release|Mixed Platforms.Build.0 = Release|Any CPU
		{05033E77-2DE7-423F-AB93-5FD9DD827CDA}.Release|x64.ActiveCfg = Release|Any CPU
		{05033E77-2DE7-423F-AB93-5FD9DD827CDA}.Release|x64.Build.0 = Release|Any CPU
		{05033E77-2DE7-423F-AB93-5FD9DD827CDA}.Release|x86.ActiveCfg = Release|Any CPU
		{05033E77-2DE7-423F-AB93-5FD9DD827CDA}.Release|x86.Build.0 = Release|Any CPU
	EndGlobalSection
	GlobalSection(SolutionProperties) = preSolution
		HideSolutionNode = FALSE
	EndGlobalSection
	GlobalSection(NestedProjects) = preSolution
		{22AF4C98-ABE3-4558-A51F-102D7BC3CFA0} = {291BEDCD-75C7-4343-B248-238636214D0E}
		{888F670B-4396-4660-8C5A-0D43FB2C0A1D} = {291BEDCD-75C7-4343-B248-238636214D0E}
		{FC8A7A61-D9CF-4AC7-A62D-590C35A28A44} = {291BEDCD-75C7-4343-B248-238636214D0E}
		{05033E77-2DE7-423F-AB93-5FD9DD827CDA} = {291BEDCD-75C7-4343-B248-238636214D0E}
	EndGlobalSection
	GlobalSection(ExtensibilityGlobals) = postSolution
		SolutionGuid = {F3AE0EA6-A9CB-4178-AA54-651D4648B310}
	EndGlobalSection
EndGlobal
