
Microsoft Visual Studio Solution File, Format Version 12.00
# Visual Studio 2013
VisualStudioVersion = 12.0.30723.0
MinimumVisualStudioVersion = 10.0.40219.1
Project("{FAE04EC0-301F-11D3-BF4B-00C04F79EFBC}") = "BillsManager.App", "BillsManager.App\BillsManager.App.csproj", "{A93DA472-AD73-48AF-B02A-73FF16C5D014}"
EndProject
Project("{FAE04EC0-301F-11D3-BF4B-00C04F79EFBC}") = "BillsManager.Models", "BillsManager.Model\BillsManager.Models.csproj", "{888F670B-4396-4660-8C5A-0D43FB2C0A1D}"
EndProject
Project("{FAE04EC0-301F-11D3-BF4B-00C04F79EFBC}") = "BillsManager.ViewModels", "BillsManager.ViewModel\BillsManager.ViewModels.csproj", "{127368A5-65A5-46C6-A203-33ABC22B1EDD}"
EndProject
Project("{FAE04EC0-301F-11D3-BF4B-00C04F79EFBC}") = "BillsManager.Views", "BillsManager.View\BillsManager.Views.csproj", "{36633953-EEE1-45F3-8EEF-86F7F221AA93}"
EndProject
Project("{FAE04EC0-301F-11D3-BF4B-00C04F79EFBC}") = "BillsManager.Services", "BillsManager.Service\BillsManager.Services.csproj", "{FC8A7A61-D9CF-4AC7-A62D-590C35A28A44}"
EndProject
Project("{2150E333-8FDC-42A3-9474-1A3956D46DE8}") = "Compatibility", "Compatibility", "{68EC49E1-DB0D-44FB-A2A7-79D7B4F7BFE6}"
EndProject
Project("{F184B08F-C81C-45F6-A57F-5ABD9991F28F}") = "OldModels", "Old\OldModels.vbproj", "{1BB1EA29-AEEF-4205-BF84-64962C605C2B}"
EndProject
Project("{FAE04EC0-301F-11D3-BF4B-00C04F79EFBC}") = "DBConverter", "DBConverter\DBConverter.csproj", "{4DA89968-683B-4DD8-A7DC-81A6CDB576D5}"
EndProject
Project("{FAE04EC0-301F-11D3-BF4B-00C04F79EFBC}") = "BillsManager.Localization", "BillsManager.Localization\BillsManager.Localization.csproj", "{5387DB3B-6EC1-42CF-A72B-CEF5ADFB541A}"
EndProject
Project("{2150E333-8FDC-42A3-9474-1A3956D46DE8}") = "Build Operations", "Build Operations", "{A597BCFC-4867-49C3-9060-4911A66BC74F}"
EndProject
Project("{FAE04EC0-301F-11D3-BF4B-00C04F79EFBC}") = "GroupLanguages", "Build Operations\GroupLanguages.csproj", "{0A3C412A-7C61-4200-A3D7-794EBE21DB9A}"
EndProject
Global
	GlobalSection(TeamFoundationVersionControl) = preSolution
		SccNumberOfProjects = 10
		SccEnterpriseProvider = {4CA58AB2-18FA-4F8D-95D4-32DDF27D184C}
		SccTeamFoundationServer = https://tfs.codeplex.com/tfs/tfs36
		SccLocalPath0 = .
		SccProjectUniqueName1 = BillsManager.App\\BillsManager.App.csproj
		SccProjectName1 = BillsManager.App
		SccLocalPath1 = BillsManager.App
		SccProjectUniqueName2 = BillsManager.Service\\BillsManager.Services.csproj
		SccProjectName2 = BillsManager.Service
		SccLocalPath2 = BillsManager.Service
		SccProjectUniqueName3 = BillsManager.ViewModel\\BillsManager.ViewModels.csproj
		SccProjectName3 = BillsManager.ViewModel
		SccLocalPath3 = BillsManager.ViewModel
		SccProjectUniqueName4 = BillsManager.View\\BillsManager.Views.csproj
		SccProjectName4 = BillsManager.View
		SccLocalPath4 = BillsManager.View
		SccProjectUniqueName5 = BillsManager.Model\\BillsManager.Models.csproj
		SccProjectName5 = BillsManager.Model
		SccLocalPath5 = BillsManager.Model
		SccProjectUniqueName6 = DBConverter\\DBConverter.csproj
		SccProjectTopLevelParentUniqueName6 = Bills\u0020Manager.sln
		SccProjectName6 = DBConverter
		SccLocalPath6 = DBConverter
		SccProjectUniqueName7 = BillsManager.Localization\\BillsManager.Localization.csproj
		SccProjectName7 = BillsManager.Localization
		SccLocalPath7 = BillsManager.Localization
		SccProjectUniqueName8 = Build\u0020Operations\\GroupLanguages.csproj
		SccProjectTopLevelParentUniqueName8 = Bills\u0020Manager.sln
		SccProjectName8 = Build\u0020Operations
		SccLocalPath8 = Build\u0020Operations
		SccProjectUniqueName9 = Old\\OldModels.vbproj
		SccProjectTopLevelParentUniqueName9 = Bills\u0020Manager.sln
		SccProjectName9 = Old
		SccLocalPath9 = Old
	EndGlobalSection
	GlobalSection(SolutionConfigurationPlatforms) = preSolution
		Debug|Any CPU = Debug|Any CPU
		Debug|Mixed Platforms = Debug|Mixed Platforms
		Debug|x86 = Debug|x86
		Release|Any CPU = Release|Any CPU
		Release|Mixed Platforms = Release|Mixed Platforms
		Release|x86 = Release|x86
	EndGlobalSection
	GlobalSection(ProjectConfigurationPlatforms) = postSolution
		{A93DA472-AD73-48AF-B02A-73FF16C5D014}.Debug|Any CPU.ActiveCfg = Debug|x86
		{A93DA472-AD73-48AF-B02A-73FF16C5D014}.Debug|Mixed Platforms.ActiveCfg = Debug|x86
		{A93DA472-AD73-48AF-B02A-73FF16C5D014}.Debug|Mixed Platforms.Build.0 = Debug|x86
		{A93DA472-AD73-48AF-B02A-73FF16C5D014}.Debug|x86.ActiveCfg = Debug|x86
		{A93DA472-AD73-48AF-B02A-73FF16C5D014}.Debug|x86.Build.0 = Debug|x86
		{A93DA472-AD73-48AF-B02A-73FF16C5D014}.Release|Any CPU.ActiveCfg = Release|x86
		{A93DA472-AD73-48AF-B02A-73FF16C5D014}.Release|Mixed Platforms.ActiveCfg = Release|x86
		{A93DA472-AD73-48AF-B02A-73FF16C5D014}.Release|Mixed Platforms.Build.0 = Release|x86
		{A93DA472-AD73-48AF-B02A-73FF16C5D014}.Release|x86.ActiveCfg = Release|x86
		{A93DA472-AD73-48AF-B02A-73FF16C5D014}.Release|x86.Build.0 = Release|x86
		{888F670B-4396-4660-8C5A-0D43FB2C0A1D}.Debug|Any CPU.ActiveCfg = Debug|Any CPU
		{888F670B-4396-4660-8C5A-0D43FB2C0A1D}.Debug|Any CPU.Build.0 = Debug|Any CPU
		{888F670B-4396-4660-8C5A-0D43FB2C0A1D}.Debug|Mixed Platforms.ActiveCfg = Debug|Any CPU
		{888F670B-4396-4660-8C5A-0D43FB2C0A1D}.Debug|Mixed Platforms.Build.0 = Debug|Any CPU
		{888F670B-4396-4660-8C5A-0D43FB2C0A1D}.Debug|x86.ActiveCfg = Debug|Any CPU
		{888F670B-4396-4660-8C5A-0D43FB2C0A1D}.Release|Any CPU.ActiveCfg = Release|Any CPU
		{888F670B-4396-4660-8C5A-0D43FB2C0A1D}.Release|Any CPU.Build.0 = Release|Any CPU
		{888F670B-4396-4660-8C5A-0D43FB2C0A1D}.Release|Mixed Platforms.ActiveCfg = Release|Any CPU
		{888F670B-4396-4660-8C5A-0D43FB2C0A1D}.Release|Mixed Platforms.Build.0 = Release|Any CPU
		{888F670B-4396-4660-8C5A-0D43FB2C0A1D}.Release|x86.ActiveCfg = Release|Any CPU
		{127368A5-65A5-46C6-A203-33ABC22B1EDD}.Debug|Any CPU.ActiveCfg = Debug|Any CPU
		{127368A5-65A5-46C6-A203-33ABC22B1EDD}.Debug|Any CPU.Build.0 = Debug|Any CPU
		{127368A5-65A5-46C6-A203-33ABC22B1EDD}.Debug|Mixed Platforms.ActiveCfg = Debug|Any CPU
		{127368A5-65A5-46C6-A203-33ABC22B1EDD}.Debug|Mixed Platforms.Build.0 = Debug|Any CPU
		{127368A5-65A5-46C6-A203-33ABC22B1EDD}.Debug|x86.ActiveCfg = Debug|Any CPU
		{127368A5-65A5-46C6-A203-33ABC22B1EDD}.Release|Any CPU.ActiveCfg = Release|Any CPU
		{127368A5-65A5-46C6-A203-33ABC22B1EDD}.Release|Any CPU.Build.0 = Release|Any CPU
		{127368A5-65A5-46C6-A203-33ABC22B1EDD}.Release|Mixed Platforms.ActiveCfg = Release|Any CPU
		{127368A5-65A5-46C6-A203-33ABC22B1EDD}.Release|Mixed Platforms.Build.0 = Release|Any CPU
		{127368A5-65A5-46C6-A203-33ABC22B1EDD}.Release|x86.ActiveCfg = Release|Any CPU
		{36633953-EEE1-45F3-8EEF-86F7F221AA93}.Debug|Any CPU.ActiveCfg = Debug|Any CPU
		{36633953-EEE1-45F3-8EEF-86F7F221AA93}.Debug|Any CPU.Build.0 = Debug|Any CPU
		{36633953-EEE1-45F3-8EEF-86F7F221AA93}.Debug|Mixed Platforms.ActiveCfg = Debug|Any CPU
		{36633953-EEE1-45F3-8EEF-86F7F221AA93}.Debug|Mixed Platforms.Build.0 = Debug|Any CPU
		{36633953-EEE1-45F3-8EEF-86F7F221AA93}.Debug|x86.ActiveCfg = Debug|Any CPU
		{36633953-EEE1-45F3-8EEF-86F7F221AA93}.Release|Any CPU.ActiveCfg = Release|Any CPU
		{36633953-EEE1-45F3-8EEF-86F7F221AA93}.Release|Any CPU.Build.0 = Release|Any CPU
		{36633953-EEE1-45F3-8EEF-86F7F221AA93}.Release|Mixed Platforms.ActiveCfg = Release|Any CPU
		{36633953-EEE1-45F3-8EEF-86F7F221AA93}.Release|Mixed Platforms.Build.0 = Release|Any CPU
		{36633953-EEE1-45F3-8EEF-86F7F221AA93}.Release|x86.ActiveCfg = Release|Any CPU
		{FC8A7A61-D9CF-4AC7-A62D-590C35A28A44}.Debug|Any CPU.ActiveCfg = Debug|Any CPU
		{FC8A7A61-D9CF-4AC7-A62D-590C35A28A44}.Debug|Any CPU.Build.0 = Debug|Any CPU
		{FC8A7A61-D9CF-4AC7-A62D-590C35A28A44}.Debug|Mixed Platforms.ActiveCfg = Debug|Any CPU
		{FC8A7A61-D9CF-4AC7-A62D-590C35A28A44}.Debug|Mixed Platforms.Build.0 = Debug|Any CPU
		{FC8A7A61-D9CF-4AC7-A62D-590C35A28A44}.Debug|x86.ActiveCfg = Debug|Any CPU
		{FC8A7A61-D9CF-4AC7-A62D-590C35A28A44}.Release|Any CPU.ActiveCfg = Release|Any CPU
		{FC8A7A61-D9CF-4AC7-A62D-590C35A28A44}.Release|Any CPU.Build.0 = Release|Any CPU
		{FC8A7A61-D9CF-4AC7-A62D-590C35A28A44}.Release|Mixed Platforms.ActiveCfg = Release|Any CPU
		{FC8A7A61-D9CF-4AC7-A62D-590C35A28A44}.Release|Mixed Platforms.Build.0 = Release|Any CPU
		{FC8A7A61-D9CF-4AC7-A62D-590C35A28A44}.Release|x86.ActiveCfg = Release|Any CPU
		{1BB1EA29-AEEF-4205-BF84-64962C605C2B}.Debug|Any CPU.ActiveCfg = Debug|Any CPU
		{1BB1EA29-AEEF-4205-BF84-64962C605C2B}.Debug|Any CPU.Build.0 = Debug|Any CPU
		{1BB1EA29-AEEF-4205-BF84-64962C605C2B}.Debug|Mixed Platforms.ActiveCfg = Debug|Any CPU
		{1BB1EA29-AEEF-4205-BF84-64962C605C2B}.Debug|Mixed Platforms.Build.0 = Debug|Any CPU
		{1BB1EA29-AEEF-4205-BF84-64962C605C2B}.Debug|x86.ActiveCfg = Debug|Any CPU
		{1BB1EA29-AEEF-4205-BF84-64962C605C2B}.Release|Any CPU.ActiveCfg = Release|Any CPU
		{1BB1EA29-AEEF-4205-BF84-64962C605C2B}.Release|Any CPU.Build.0 = Release|Any CPU
		{1BB1EA29-AEEF-4205-BF84-64962C605C2B}.Release|Mixed Platforms.ActiveCfg = Release|Any CPU
		{1BB1EA29-AEEF-4205-BF84-64962C605C2B}.Release|Mixed Platforms.Build.0 = Release|Any CPU
		{1BB1EA29-AEEF-4205-BF84-64962C605C2B}.Release|x86.ActiveCfg = Release|Any CPU
		{4DA89968-683B-4DD8-A7DC-81A6CDB576D5}.Debug|Any CPU.ActiveCfg = Debug|Any CPU
		{4DA89968-683B-4DD8-A7DC-81A6CDB576D5}.Debug|Any CPU.Build.0 = Debug|Any CPU
		{4DA89968-683B-4DD8-A7DC-81A6CDB576D5}.Debug|Mixed Platforms.ActiveCfg = Debug|Any CPU
		{4DA89968-683B-4DD8-A7DC-81A6CDB576D5}.Debug|Mixed Platforms.Build.0 = Debug|Any CPU
		{4DA89968-683B-4DD8-A7DC-81A6CDB576D5}.Debug|x86.ActiveCfg = Debug|Any CPU
		{4DA89968-683B-4DD8-A7DC-81A6CDB576D5}.Release|Any CPU.ActiveCfg = Release|Any CPU
		{4DA89968-683B-4DD8-A7DC-81A6CDB576D5}.Release|Any CPU.Build.0 = Release|Any CPU
		{4DA89968-683B-4DD8-A7DC-81A6CDB576D5}.Release|Mixed Platforms.ActiveCfg = Release|Any CPU
		{4DA89968-683B-4DD8-A7DC-81A6CDB576D5}.Release|Mixed Platforms.Build.0 = Release|Any CPU
		{4DA89968-683B-4DD8-A7DC-81A6CDB576D5}.Release|x86.ActiveCfg = Release|Any CPU
		{5387DB3B-6EC1-42CF-A72B-CEF5ADFB541A}.Debug|Any CPU.ActiveCfg = Debug|Any CPU
		{5387DB3B-6EC1-42CF-A72B-CEF5ADFB541A}.Debug|Any CPU.Build.0 = Debug|Any CPU
		{5387DB3B-6EC1-42CF-A72B-CEF5ADFB541A}.Debug|Mixed Platforms.ActiveCfg = Debug|Any CPU
		{5387DB3B-6EC1-42CF-A72B-CEF5ADFB541A}.Debug|Mixed Platforms.Build.0 = Debug|Any CPU
		{5387DB3B-6EC1-42CF-A72B-CEF5ADFB541A}.Debug|x86.ActiveCfg = Debug|Any CPU
		{5387DB3B-6EC1-42CF-A72B-CEF5ADFB541A}.Release|Any CPU.ActiveCfg = Release|Any CPU
		{5387DB3B-6EC1-42CF-A72B-CEF5ADFB541A}.Release|Any CPU.Build.0 = Release|Any CPU
		{5387DB3B-6EC1-42CF-A72B-CEF5ADFB541A}.Release|Mixed Platforms.ActiveCfg = Release|Any CPU
		{5387DB3B-6EC1-42CF-A72B-CEF5ADFB541A}.Release|Mixed Platforms.Build.0 = Release|Any CPU
		{5387DB3B-6EC1-42CF-A72B-CEF5ADFB541A}.Release|x86.ActiveCfg = Release|Any CPU
		{0A3C412A-7C61-4200-A3D7-794EBE21DB9A}.Debug|Any CPU.ActiveCfg = Debug|Any CPU
		{0A3C412A-7C61-4200-A3D7-794EBE21DB9A}.Debug|Any CPU.Build.0 = Debug|Any CPU
		{0A3C412A-7C61-4200-A3D7-794EBE21DB9A}.Debug|Mixed Platforms.ActiveCfg = Debug|Any CPU
		{0A3C412A-7C61-4200-A3D7-794EBE21DB9A}.Debug|Mixed Platforms.Build.0 = Debug|Any CPU
		{0A3C412A-7C61-4200-A3D7-794EBE21DB9A}.Debug|x86.ActiveCfg = Debug|Any CPU
		{0A3C412A-7C61-4200-A3D7-794EBE21DB9A}.Release|Any CPU.ActiveCfg = Release|Any CPU
		{0A3C412A-7C61-4200-A3D7-794EBE21DB9A}.Release|Any CPU.Build.0 = Release|Any CPU
		{0A3C412A-7C61-4200-A3D7-794EBE21DB9A}.Release|Mixed Platforms.ActiveCfg = Release|Any CPU
		{0A3C412A-7C61-4200-A3D7-794EBE21DB9A}.Release|Mixed Platforms.Build.0 = Release|Any CPU
		{0A3C412A-7C61-4200-A3D7-794EBE21DB9A}.Release|x86.ActiveCfg = Release|Any CPU
	EndGlobalSection
	GlobalSection(SolutionProperties) = preSolution
		HideSolutionNode = FALSE
	EndGlobalSection
	GlobalSection(NestedProjects) = preSolution
		{1BB1EA29-AEEF-4205-BF84-64962C605C2B} = {68EC49E1-DB0D-44FB-A2A7-79D7B4F7BFE6}
		{4DA89968-683B-4DD8-A7DC-81A6CDB576D5} = {68EC49E1-DB0D-44FB-A2A7-79D7B4F7BFE6}
		{0A3C412A-7C61-4200-A3D7-794EBE21DB9A} = {A597BCFC-4867-49C3-9060-4911A66BC74F}
	EndGlobalSection
EndGlobal
