
Microsoft Visual Studio Solution File, Format Version 12.00
# Visual Studio 2013
VisualStudioVersion = 12.0.31101.0
MinimumVisualStudioVersion = 10.0.40219.1
Project("{FAE04EC0-301F-11D3-BF4B-00C04F79EFBC}") = "BillsManager.App", "BillsManager.App\BillsManager.App.csproj", "{A93DA472-AD73-48AF-B02A-73FF16C5D014}"
EndProject
Project("{FAE04EC0-301F-11D3-BF4B-00C04F79EFBC}") = "BillsManager.Models", "BillsManager.Models\BillsManager.Models.csproj", "{888F670B-4396-4660-8C5A-0D43FB2C0A1D}"
EndProject
Project("{FAE04EC0-301F-11D3-BF4B-00C04F79EFBC}") = "BillsManager.ViewModels", "BillsManager.ViewModels\BillsManager.ViewModels.csproj", "{127368A5-65A5-46C6-A203-33ABC22B1EDD}"
EndProject
Project("{FAE04EC0-301F-11D3-BF4B-00C04F79EFBC}") = "BillsManager.Views", "BillsManager.Views\BillsManager.Views.csproj", "{36633953-EEE1-45F3-8EEF-86F7F221AA93}"
	ProjectSection(ProjectDependencies) = postProject
		{F4D11D26-8272-4DCC-B9EC-1C6184645B36} = {F4D11D26-8272-4DCC-B9EC-1C6184645B36}
		{0A3C412A-7C61-4200-A3D7-794EBE21DB9A} = {0A3C412A-7C61-4200-A3D7-794EBE21DB9A}
	EndProjectSection
EndProject
Project("{FAE04EC0-301F-11D3-BF4B-00C04F79EFBC}") = "BillsManager.Services", "BillsManager.Services\BillsManager.Services.csproj", "{FC8A7A61-D9CF-4AC7-A62D-590C35A28A44}"
EndProject
Project("{FAE04EC0-301F-11D3-BF4B-00C04F79EFBC}") = "BillsManager.Localization", "BillsManager.Localization\BillsManager.Localization.csproj", "{5387DB3B-6EC1-42CF-A72B-CEF5ADFB541A}"
EndProject
Project("{2150E333-8FDC-42A3-9474-1A3956D46DE8}") = "Build Operations", "Build Operations", "{A597BCFC-4867-49C3-9060-4911A66BC74F}"
EndProject
Project("{FAE04EC0-301F-11D3-BF4B-00C04F79EFBC}") = "BillsManager.DesignTime", "BillsManager.DesignTime\BillsManager.DesignTime.csproj", "{BB73C02D-5ADE-4DB3-AB82-C6675E58C122}"
EndProject
Project("{FAE04EC0-301F-11D3-BF4B-00C04F79EFBC}") = "ResourceDictionariesMerger", "Build Operations\ResourceDictionariesMerger\ResourceDictionariesMerger.csproj", "{F4D11D26-8272-4DCC-B9EC-1C6184645B36}"
EndProject
Project("{FAE04EC0-301F-11D3-BF4B-00C04F79EFBC}") = "GroupLanguages", "Build Operations\GroupLanguages\GroupLanguages.csproj", "{0A3C412A-7C61-4200-A3D7-794EBE21DB9A}"
EndProject
Global
	GlobalSection(TeamFoundationVersionControl) = preSolution
		SccNumberOfProjects = 10
		SccEnterpriseProvider = {4CA58AB2-18FA-4F8D-95D4-32DDF27D184C}
		SccTeamFoundationServer = https://tfs.codeplex.com/tfs/tfs36
		SccLocalPath0 = .
		SccProjectUniqueName1 = BillsManager.App\\BillsManager.App.csproj
		SccProjectName1 = BillsManager.App
		SccLocalPath1 = BillsManager.App
		SccProjectUniqueName2 = BillsManager.Services\\BillsManager.Services.csproj
		SccProjectName2 = BillsManager.Services
		SccLocalPath2 = BillsManager.Services
		SccProjectUniqueName3 = BillsManager.ViewModels\\BillsManager.ViewModels.csproj
		SccProjectName3 = BillsManager.ViewModels
		SccLocalPath3 = BillsManager.ViewModels
		SccProjectUniqueName4 = BillsManager.Views\\BillsManager.Views.csproj
		SccProjectName4 = BillsManager.Views
		SccLocalPath4 = BillsManager.Views
		SccProjectUniqueName5 = BillsManager.Models\\BillsManager.Models.csproj
		SccProjectName5 = BillsManager.Models
		SccLocalPath5 = BillsManager.Models
		SccProjectUniqueName6 = BillsManager.Localization\\BillsManager.Localization.csproj
		SccProjectName6 = BillsManager.Localization
		SccLocalPath6 = BillsManager.Localization
		SccProjectUniqueName7 = BillsManager.DesignTime\\BillsManager.DesignTime.csproj
		SccProjectName7 = BillsManager.DesignTime
		SccLocalPath7 = BillsManager.DesignTime
		SccProjectUniqueName8 = Build\u0020Operations\\ResourceDictionariesMerger\\ResourceDictionariesMerger.csproj
		SccProjectTopLevelParentUniqueName8 = Bills\u0020Manager.sln
		SccProjectName8 = Build\u0020Operations/ResourceDictionariesMerger
		SccLocalPath8 = Build\u0020Operations\\ResourceDictionariesMerger
		SccProjectUniqueName9 = Build\u0020Operations\\GroupLanguages\\GroupLanguages.csproj
		SccProjectTopLevelParentUniqueName9 = Bills\u0020Manager.sln
		SccProjectName9 = Build\u0020Operations/GroupLanguages
		SccLocalPath9 = Build\u0020Operations\\GroupLanguages
	EndGlobalSection
	GlobalSection(SolutionConfigurationPlatforms) = preSolution
		Debug|Any CPU = Debug|Any CPU
		Debug|Mixed Platforms = Debug|Mixed Platforms
		Debug|x64 = Debug|x64
		Debug|x86 = Debug|x86
		Release|Any CPU = Release|Any CPU
		Release|Mixed Platforms = Release|Mixed Platforms
		Release|x64 = Release|x64
		Release|x86 = Release|x86
	EndGlobalSection
	GlobalSection(ProjectConfigurationPlatforms) = postSolution
		{A93DA472-AD73-48AF-B02A-73FF16C5D014}.Debug|Any CPU.ActiveCfg = Debug|Any CPU
		{A93DA472-AD73-48AF-B02A-73FF16C5D014}.Debug|Any CPU.Build.0 = Debug|Any CPU
		{A93DA472-AD73-48AF-B02A-73FF16C5D014}.Debug|Mixed Platforms.ActiveCfg = Debug|Any CPU
		{A93DA472-AD73-48AF-B02A-73FF16C5D014}.Debug|Mixed Platforms.Build.0 = Debug|Any CPU
		{A93DA472-AD73-48AF-B02A-73FF16C5D014}.Debug|x64.ActiveCfg = Debug|Any CPU
		{A93DA472-AD73-48AF-B02A-73FF16C5D014}.Debug|x64.Build.0 = Debug|Any CPU
		{A93DA472-AD73-48AF-B02A-73FF16C5D014}.Debug|x86.ActiveCfg = Debug|Any CPU
		{A93DA472-AD73-48AF-B02A-73FF16C5D014}.Debug|x86.Build.0 = Debug|Any CPU
		{A93DA472-AD73-48AF-B02A-73FF16C5D014}.Release|Any CPU.ActiveCfg = Release|Any CPU
		{A93DA472-AD73-48AF-B02A-73FF16C5D014}.Release|Any CPU.Build.0 = Release|Any CPU
		{A93DA472-AD73-48AF-B02A-73FF16C5D014}.Release|Mixed Platforms.ActiveCfg = Release|Any CPU
		{A93DA472-AD73-48AF-B02A-73FF16C5D014}.Release|Mixed Platforms.Build.0 = Release|Any CPU
		{A93DA472-AD73-48AF-B02A-73FF16C5D014}.Release|x64.ActiveCfg = Release|Any CPU
		{A93DA472-AD73-48AF-B02A-73FF16C5D014}.Release|x64.Build.0 = Release|Any CPU
		{A93DA472-AD73-48AF-B02A-73FF16C5D014}.Release|x86.ActiveCfg = Release|Any CPU
		{A93DA472-AD73-48AF-B02A-73FF16C5D014}.Release|x86.Build.0 = Release|Any CPU
		{888F670B-4396-4660-8C5A-0D43FB2C0A1D}.Debug|Any CPU.ActiveCfg = Debug|Any CPU
		{888F670B-4396-4660-8C5A-0D43FB2C0A1D}.Debug|Any CPU.Build.0 = Debug|Any CPU
		{888F670B-4396-4660-8C5A-0D43FB2C0A1D}.Debug|Mixed Platforms.ActiveCfg = Debug|Any CPU
		{888F670B-4396-4660-8C5A-0D43FB2C0A1D}.Debug|Mixed Platforms.Build.0 = Debug|Any CPU
		{888F670B-4396-4660-8C5A-0D43FB2C0A1D}.Debug|x64.ActiveCfg = Debug|Any CPU
		{888F670B-4396-4660-8C5A-0D43FB2C0A1D}.Debug|x64.Build.0 = Debug|Any CPU
		{888F670B-4396-4660-8C5A-0D43FB2C0A1D}.Debug|x86.ActiveCfg = Debug|Any CPU
		{888F670B-4396-4660-8C5A-0D43FB2C0A1D}.Debug|x86.Build.0 = Debug|Any CPU
		{888F670B-4396-4660-8C5A-0D43FB2C0A1D}.Release|Any CPU.ActiveCfg = Release|Any CPU
		{888F670B-4396-4660-8C5A-0D43FB2C0A1D}.Release|Any CPU.Build.0 = Release|Any CPU
		{888F670B-4396-4660-8C5A-0D43FB2C0A1D}.Release|Mixed Platforms.ActiveCfg = Release|Any CPU
		{888F670B-4396-4660-8C5A-0D43FB2C0A1D}.Release|Mixed Platforms.Build.0 = Release|Any CPU
		{888F670B-4396-4660-8C5A-0D43FB2C0A1D}.Release|x64.ActiveCfg = Release|Any CPU
		{888F670B-4396-4660-8C5A-0D43FB2C0A1D}.Release|x64.Build.0 = Release|Any CPU
		{888F670B-4396-4660-8C5A-0D43FB2C0A1D}.Release|x86.ActiveCfg = Release|Any CPU
		{888F670B-4396-4660-8C5A-0D43FB2C0A1D}.Release|x86.Build.0 = Release|Any CPU
		{127368A5-65A5-46C6-A203-33ABC22B1EDD}.Debug|Any CPU.ActiveCfg = Debug|Any CPU
		{127368A5-65A5-46C6-A203-33ABC22B1EDD}.Debug|Any CPU.Build.0 = Debug|Any CPU
		{127368A5-65A5-46C6-A203-33ABC22B1EDD}.Debug|Mixed Platforms.ActiveCfg = Debug|Any CPU
		{127368A5-65A5-46C6-A203-33ABC22B1EDD}.Debug|Mixed Platforms.Build.0 = Debug|Any CPU
		{127368A5-65A5-46C6-A203-33ABC22B1EDD}.Debug|x64.ActiveCfg = Debug|Any CPU
		{127368A5-65A5-46C6-A203-33ABC22B1EDD}.Debug|x64.Build.0 = Debug|Any CPU
		{127368A5-65A5-46C6-A203-33ABC22B1EDD}.Debug|x86.ActiveCfg = Debug|Any CPU
		{127368A5-65A5-46C6-A203-33ABC22B1EDD}.Debug|x86.Build.0 = Debug|Any CPU
		{127368A5-65A5-46C6-A203-33ABC22B1EDD}.Release|Any CPU.ActiveCfg = Release|Any CPU
		{127368A5-65A5-46C6-A203-33ABC22B1EDD}.Release|Any CPU.Build.0 = Release|Any CPU
		{127368A5-65A5-46C6-A203-33ABC22B1EDD}.Release|Mixed Platforms.ActiveCfg = Release|Any CPU
		{127368A5-65A5-46C6-A203-33ABC22B1EDD}.Release|Mixed Platforms.Build.0 = Release|Any CPU
		{127368A5-65A5-46C6-A203-33ABC22B1EDD}.Release|x64.ActiveCfg = Release|Any CPU
		{127368A5-65A5-46C6-A203-33ABC22B1EDD}.Release|x64.Build.0 = Release|Any CPU
		{127368A5-65A5-46C6-A203-33ABC22B1EDD}.Release|x86.ActiveCfg = Release|Any CPU
		{127368A5-65A5-46C6-A203-33ABC22B1EDD}.Release|x86.Build.0 = Release|Any CPU
		{36633953-EEE1-45F3-8EEF-86F7F221AA93}.Debug|Any CPU.ActiveCfg = Debug|Any CPU
		{36633953-EEE1-45F3-8EEF-86F7F221AA93}.Debug|Any CPU.Build.0 = Debug|Any CPU
		{36633953-EEE1-45F3-8EEF-86F7F221AA93}.Debug|Mixed Platforms.ActiveCfg = Debug|Any CPU
		{36633953-EEE1-45F3-8EEF-86F7F221AA93}.Debug|Mixed Platforms.Build.0 = Debug|Any CPU
		{36633953-EEE1-45F3-8EEF-86F7F221AA93}.Debug|x64.ActiveCfg = Debug|Any CPU
		{36633953-EEE1-45F3-8EEF-86F7F221AA93}.Debug|x64.Build.0 = Debug|Any CPU
		{36633953-EEE1-45F3-8EEF-86F7F221AA93}.Debug|x86.ActiveCfg = Debug|Any CPU
		{36633953-EEE1-45F3-8EEF-86F7F221AA93}.Debug|x86.Build.0 = Debug|Any CPU
		{36633953-EEE1-45F3-8EEF-86F7F221AA93}.Release|Any CPU.ActiveCfg = Release|Any CPU
		{36633953-EEE1-45F3-8EEF-86F7F221AA93}.Release|Any CPU.Build.0 = Release|Any CPU
		{36633953-EEE1-45F3-8EEF-86F7F221AA93}.Release|Mixed Platforms.ActiveCfg = Release|Any CPU
		{36633953-EEE1-45F3-8EEF-86F7F221AA93}.Release|Mixed Platforms.Build.0 = Release|Any CPU
		{36633953-EEE1-45F3-8EEF-86F7F221AA93}.Release|x64.ActiveCfg = Release|Any CPU
		{36633953-EEE1-45F3-8EEF-86F7F221AA93}.Release|x64.Build.0 = Release|Any CPU
		{36633953-EEE1-45F3-8EEF-86F7F221AA93}.Release|x86.ActiveCfg = Release|Any CPU
		{36633953-EEE1-45F3-8EEF-86F7F221AA93}.Release|x86.Build.0 = Release|Any CPU
		{FC8A7A61-D9CF-4AC7-A62D-590C35A28A44}.Debug|Any CPU.ActiveCfg = Debug|Any CPU
		{FC8A7A61-D9CF-4AC7-A62D-590C35A28A44}.Debug|Any CPU.Build.0 = Debug|Any CPU
		{FC8A7A61-D9CF-4AC7-A62D-590C35A28A44}.Debug|Mixed Platforms.ActiveCfg = Debug|Any CPU
		{FC8A7A61-D9CF-4AC7-A62D-590C35A28A44}.Debug|Mixed Platforms.Build.0 = Debug|Any CPU
		{FC8A7A61-D9CF-4AC7-A62D-590C35A28A44}.Debug|x64.ActiveCfg = Debug|Any CPU
		{FC8A7A61-D9CF-4AC7-A62D-590C35A28A44}.Debug|x64.Build.0 = Debug|Any CPU
		{FC8A7A61-D9CF-4AC7-A62D-590C35A28A44}.Debug|x86.ActiveCfg = Debug|Any CPU
		{FC8A7A61-D9CF-4AC7-A62D-590C35A28A44}.Debug|x86.Build.0 = Debug|Any CPU
		{FC8A7A61-D9CF-4AC7-A62D-590C35A28A44}.Release|Any CPU.ActiveCfg = Release|Any CPU
		{FC8A7A61-D9CF-4AC7-A62D-590C35A28A44}.Release|Any CPU.Build.0 = Release|Any CPU
		{FC8A7A61-D9CF-4AC7-A62D-590C35A28A44}.Release|Mixed Platforms.ActiveCfg = Release|Any CPU
		{FC8A7A61-D9CF-4AC7-A62D-590C35A28A44}.Release|Mixed Platforms.Build.0 = Release|Any CPU
		{FC8A7A61-D9CF-4AC7-A62D-590C35A28A44}.Release|x64.ActiveCfg = Release|Any CPU
		{FC8A7A61-D9CF-4AC7-A62D-590C35A28A44}.Release|x64.Build.0 = Release|Any CPU
		{FC8A7A61-D9CF-4AC7-A62D-590C35A28A44}.Release|x86.ActiveCfg = Release|Any CPU
		{FC8A7A61-D9CF-4AC7-A62D-590C35A28A44}.Release|x86.Build.0 = Release|Any CPU
		{5387DB3B-6EC1-42CF-A72B-CEF5ADFB541A}.Debug|Any CPU.ActiveCfg = Debug|Any CPU
		{5387DB3B-6EC1-42CF-A72B-CEF5ADFB541A}.Debug|Any CPU.Build.0 = Debug|Any CPU
		{5387DB3B-6EC1-42CF-A72B-CEF5ADFB541A}.Debug|Mixed Platforms.ActiveCfg = Debug|Any CPU
		{5387DB3B-6EC1-42CF-A72B-CEF5ADFB541A}.Debug|Mixed Platforms.Build.0 = Debug|Any CPU
		{5387DB3B-6EC1-42CF-A72B-CEF5ADFB541A}.Debug|x64.ActiveCfg = Debug|Any CPU
		{5387DB3B-6EC1-42CF-A72B-CEF5ADFB541A}.Debug|x64.Build.0 = Debug|Any CPU
		{5387DB3B-6EC1-42CF-A72B-CEF5ADFB541A}.Debug|x86.ActiveCfg = Debug|Any CPU
		{5387DB3B-6EC1-42CF-A72B-CEF5ADFB541A}.Debug|x86.Build.0 = Debug|Any CPU
		{5387DB3B-6EC1-42CF-A72B-CEF5ADFB541A}.Release|Any CPU.ActiveCfg = Release|Any CPU
		{5387DB3B-6EC1-42CF-A72B-CEF5ADFB541A}.Release|Any CPU.Build.0 = Release|Any CPU
		{5387DB3B-6EC1-42CF-A72B-CEF5ADFB541A}.Release|Mixed Platforms.ActiveCfg = Release|Any CPU
		{5387DB3B-6EC1-42CF-A72B-CEF5ADFB541A}.Release|Mixed Platforms.Build.0 = Release|Any CPU
		{5387DB3B-6EC1-42CF-A72B-CEF5ADFB541A}.Release|x64.ActiveCfg = Release|Any CPU
		{5387DB3B-6EC1-42CF-A72B-CEF5ADFB541A}.Release|x64.Build.0 = Release|Any CPU
		{5387DB3B-6EC1-42CF-A72B-CEF5ADFB541A}.Release|x86.ActiveCfg = Release|Any CPU
		{5387DB3B-6EC1-42CF-A72B-CEF5ADFB541A}.Release|x86.Build.0 = Release|Any CPU
		{BB73C02D-5ADE-4DB3-AB82-C6675E58C122}.Debug|Any CPU.ActiveCfg = Debug|Any CPU
		{BB73C02D-5ADE-4DB3-AB82-C6675E58C122}.Debug|Any CPU.Build.0 = Debug|Any CPU
		{BB73C02D-5ADE-4DB3-AB82-C6675E58C122}.Debug|Mixed Platforms.ActiveCfg = Debug|Any CPU
		{BB73C02D-5ADE-4DB3-AB82-C6675E58C122}.Debug|Mixed Platforms.Build.0 = Debug|Any CPU
		{BB73C02D-5ADE-4DB3-AB82-C6675E58C122}.Debug|x64.ActiveCfg = Debug|Any CPU
		{BB73C02D-5ADE-4DB3-AB82-C6675E58C122}.Debug|x64.Build.0 = Debug|Any CPU
		{BB73C02D-5ADE-4DB3-AB82-C6675E58C122}.Debug|x86.ActiveCfg = Debug|Any CPU
		{BB73C02D-5ADE-4DB3-AB82-C6675E58C122}.Debug|x86.Build.0 = Debug|Any CPU
		{BB73C02D-5ADE-4DB3-AB82-C6675E58C122}.Release|Any CPU.ActiveCfg = Release|Any CPU
		{BB73C02D-5ADE-4DB3-AB82-C6675E58C122}.Release|Any CPU.Build.0 = Release|Any CPU
		{BB73C02D-5ADE-4DB3-AB82-C6675E58C122}.Release|Mixed Platforms.ActiveCfg = Release|Any CPU
		{BB73C02D-5ADE-4DB3-AB82-C6675E58C122}.Release|Mixed Platforms.Build.0 = Release|Any CPU
		{BB73C02D-5ADE-4DB3-AB82-C6675E58C122}.Release|x64.ActiveCfg = Release|Any CPU
		{BB73C02D-5ADE-4DB3-AB82-C6675E58C122}.Release|x86.ActiveCfg = Release|Any CPU
		{F4D11D26-8272-4DCC-B9EC-1C6184645B36}.Debug|Any CPU.ActiveCfg = Debug|Any CPU
		{F4D11D26-8272-4DCC-B9EC-1C6184645B36}.Debug|Any CPU.Build.0 = Debug|Any CPU
		{F4D11D26-8272-4DCC-B9EC-1C6184645B36}.Debug|Mixed Platforms.ActiveCfg = Debug|Any CPU
		{F4D11D26-8272-4DCC-B9EC-1C6184645B36}.Debug|Mixed Platforms.Build.0 = Debug|Any CPU
		{F4D11D26-8272-4DCC-B9EC-1C6184645B36}.Debug|x64.ActiveCfg = Debug|Any CPU
		{F4D11D26-8272-4DCC-B9EC-1C6184645B36}.Debug|x86.ActiveCfg = Debug|Any CPU
		{F4D11D26-8272-4DCC-B9EC-1C6184645B36}.Release|Any CPU.ActiveCfg = Release|Any CPU
		{F4D11D26-8272-4DCC-B9EC-1C6184645B36}.Release|Any CPU.Build.0 = Release|Any CPU
		{F4D11D26-8272-4DCC-B9EC-1C6184645B36}.Release|Mixed Platforms.ActiveCfg = Release|Any CPU
		{F4D11D26-8272-4DCC-B9EC-1C6184645B36}.Release|Mixed Platforms.Build.0 = Release|Any CPU
		{F4D11D26-8272-4DCC-B9EC-1C6184645B36}.Release|x64.ActiveCfg = Release|Any CPU
		{F4D11D26-8272-4DCC-B9EC-1C6184645B36}.Release|x86.ActiveCfg = Release|Any CPU
		{0A3C412A-7C61-4200-A3D7-794EBE21DB9A}.Debug|Any CPU.ActiveCfg = Debug|Any CPU
		{0A3C412A-7C61-4200-A3D7-794EBE21DB9A}.Debug|Any CPU.Build.0 = Debug|Any CPU
		{0A3C412A-7C61-4200-A3D7-794EBE21DB9A}.Debug|Mixed Platforms.ActiveCfg = Debug|Any CPU
		{0A3C412A-7C61-4200-A3D7-794EBE21DB9A}.Debug|Mixed Platforms.Build.0 = Debug|Any CPU
		{0A3C412A-7C61-4200-A3D7-794EBE21DB9A}.Debug|x64.ActiveCfg = Debug|Any CPU
		{0A3C412A-7C61-4200-A3D7-794EBE21DB9A}.Debug|x86.ActiveCfg = Debug|Any CPU
		{0A3C412A-7C61-4200-A3D7-794EBE21DB9A}.Release|Any CPU.ActiveCfg = Release|Any CPU
		{0A3C412A-7C61-4200-A3D7-794EBE21DB9A}.Release|Any CPU.Build.0 = Release|Any CPU
		{0A3C412A-7C61-4200-A3D7-794EBE21DB9A}.Release|Mixed Platforms.ActiveCfg = Release|Any CPU
		{0A3C412A-7C61-4200-A3D7-794EBE21DB9A}.Release|Mixed Platforms.Build.0 = Release|Any CPU
		{0A3C412A-7C61-4200-A3D7-794EBE21DB9A}.Release|x64.ActiveCfg = Release|Any CPU
		{0A3C412A-7C61-4200-A3D7-794EBE21DB9A}.Release|x86.ActiveCfg = Release|Any CPU
	EndGlobalSection
	GlobalSection(SolutionProperties) = preSolution
		HideSolutionNode = FALSE
	EndGlobalSection
	GlobalSection(NestedProjects) = preSolution
		{F4D11D26-8272-4DCC-B9EC-1C6184645B36} = {A597BCFC-4867-49C3-9060-4911A66BC74F}
		{0A3C412A-7C61-4200-A3D7-794EBE21DB9A} = {A597BCFC-4867-49C3-9060-4911A66BC74F}
	EndGlobalSection
EndGlobal
